
Microsoft Visual Studio Solution File, Format Version 12.00
# Visual Studio Version 17
VisualStudioVersion = 17.7.34202.233
MinimumVisualStudioVersion = 10.0.40219.1
Project("{C9674DCB-5085-4A16-B785-4C70DD1589BD}") = "BendemPrjtStepA", "BendemPrjtStepA.dtproj", "{A1A67FC7-7070-4784-9E2C-FA2B9FFCEA63}"
EndProject
Global
	GlobalSection(SolutionConfigurationPlatforms) = preSolution
		Development|Default = Development|Default
	EndGlobalSection
	GlobalSection(ProjectConfigurationPlatforms) = postSolution
		{A1A67FC7-7070-4784-9E2C-FA2B9FFCEA63}.Development|Default.ActiveCfg = Development
		{A1A67FC7-7070-4784-9E2C-FA2B9FFCEA63}.Development|Default.Build.0 = Development
	EndGlobalSection
	GlobalSection(SolutionProperties) = preSolution
		HideSolutionNode = FALSE
	EndGlobalSection
	GlobalSection(ExtensibilityGlobals) = postSolution
		SolutionGuid = {1FC983AF-9961-414A-8F16-29CC24FC06C9}
	EndGlobalSection
EndGlobal
